
Microsoft Visual Studio Solution File, Format Version 12.00
# Visual Studio 14
VisualStudioVersion = 14.0.23107.0
MinimumVisualStudioVersion = 10.0.40219.1
Project("{FAE04EC0-301F-11D3-BF4B-00C04F79EFBC}") = "ExceptionHandlerLowering", "ExceptionHandlerLowering\ExceptionHandlerLowering.csproj", "{CDBAA725-9AD7-4276-BD5B-6F0CBF7EEECB}"
EndProject
Global
	GlobalSection(SolutionConfigurationPlatforms) = preSolution
		Debug|Any CPU = Debug|Any CPU
		Release|Any CPU = Release|Any CPU
	EndGlobalSection
	GlobalSection(ProjectConfigurationPlatforms) = postSolution
		{CDBAA725-9AD7-4276-BD5B-6F0CBF7EEECB}.Debug|Any CPU.ActiveCfg = Debug|Any CPU
		{CDBAA725-9AD7-4276-BD5B-6F0CBF7EEECB}.Debug|Any CPU.Build.0 = Debug|Any CPU
		{CDBAA725-9AD7-4276-BD5B-6F0CBF7EEECB}.Release|Any CPU.ActiveCfg = Release|Any CPU
		{CDBAA725-9AD7-4276-BD5B-6F0CBF7EEECB}.Release|Any CPU.Build.0 = Release|Any CPU
	EndGlobalSection
	GlobalSection(SolutionProperties) = preSolution
		HideSolutionNode = FALSE
	EndGlobalSection
EndGlobal
