
Microsoft Visual Studio Solution File, Format Version 12.00
# Visual Studio 14
VisualStudioVersion = 14.0.24720.0
MinimumVisualStudioVersion = 10.0.40219.1
Project("{FAE04EC0-301F-11D3-BF4B-00C04F79EFBC}") = "Playground", "Playground\Playground.csproj", "{B266F8B2-7D9D-4E1F-9148-1211BBB7040A}"
EndProject
Project("{FAE04EC0-301F-11D3-BF4B-00C04F79EFBC}") = "Microsoft.CSharp.Expressions", "Microsoft.CSharp.Expressions\Microsoft.CSharp.Expressions.csproj", "{6CD01EF9-CF8D-498E-B9BE-B7AFD1540302}"
EndProject
Project("{FAE04EC0-301F-11D3-BF4B-00C04F79EFBC}") = "Tests.Microsoft.CSharp.Expressions", "Tests.Microsoft.CSharp.Expressions\Tests.Microsoft.CSharp.Expressions.csproj", "{099B1D7F-69C2-4C91-AF48-896CF3189493}"
EndProject
Project("{2150E333-8FDC-42A3-9474-1A3956D46DE8}") = "Solution Items", "Solution Items", "{2A3D7E32-E1F6-4770-B573-1ED65B5132FA}"
	ProjectSection(SolutionItems) = preProject
		Docs\BCL.MD = Docs\BCL.MD
		Docs\Context.MD = Docs\Context.MD
		Docs\Debugging.MD = Docs\Debugging.MD
		Docs\Design.MD = Docs\Design.MD
		Docs\Future.MD = Docs\Future.MD
		Docs\Misc.MD = Docs\Misc.MD
		Docs\Optimizers.MD = Docs\Optimizers.MD
		README.md = README.md
		Docs\RoslynPad.MD = Docs\RoslynPad.MD
		Docs\Stubs.MD = Docs\Stubs.MD
		Docs\Testing.MD = Docs\Testing.MD
	EndProjectSection
EndProject
Project("{FAE04EC0-301F-11D3-BF4B-00C04F79EFBC}") = "System.Linq.Expressions.Debugging", "System.Linq.Expressions.Debugging\System.Linq.Expressions.Debugging.csproj", "{29FB50CD-FA28-4051-9688-9A35EE0E51A9}"
EndProject
Project("{FAE04EC0-301F-11D3-BF4B-00C04F79EFBC}") = "Tests.System.Linq.Expressions.Debugging", "Tests.System.Linq.Expressions.Debugging\Tests.System.Linq.Expressions.Debugging.csproj", "{25D71B89-30E9-4192-A553-D4F5157D0963}"
EndProject
Project("{FAE04EC0-301F-11D3-BF4B-00C04F79EFBC}") = "Tests.Microsoft.CodeAnalysis.CSharp", "Tests.Microsoft.CodeAnalysis.CSharp\Tests.Microsoft.CodeAnalysis.CSharp.csproj", "{75E2D8F4-111D-456F-A098-0FC34077C2A5}"
EndProject
Project("{FAE04EC0-301F-11D3-BF4B-00C04F79EFBC}") = "Tests.Microsoft.CodeAnalysis.CSharp.Helpers", "Tests.Microsoft.CodeAnalysis.CSharp.Helpers\Tests.Microsoft.CodeAnalysis.CSharp.Helpers.csproj", "{6E9836D3-2075-4A50-851C-AC15612BF926}"
EndProject
Project("{FAE04EC0-301F-11D3-BF4B-00C04F79EFBC}") = "RoslynPad", "RoslynPad\RoslynPad.csproj", "{7283F5BB-8644-41E1-8530-D58CC6D809EB}"
EndProject
Global
	GlobalSection(SolutionConfigurationPlatforms) = preSolution
		Debug|Any CPU = Debug|Any CPU
		Release|Any CPU = Release|Any CPU
	EndGlobalSection
	GlobalSection(ProjectConfigurationPlatforms) = postSolution
		{B266F8B2-7D9D-4E1F-9148-1211BBB7040A}.Debug|Any CPU.ActiveCfg = Debug|Any CPU
		{B266F8B2-7D9D-4E1F-9148-1211BBB7040A}.Debug|Any CPU.Build.0 = Debug|Any CPU
		{B266F8B2-7D9D-4E1F-9148-1211BBB7040A}.Release|Any CPU.ActiveCfg = Release|Any CPU
		{B266F8B2-7D9D-4E1F-9148-1211BBB7040A}.Release|Any CPU.Build.0 = Release|Any CPU
		{6CD01EF9-CF8D-498E-B9BE-B7AFD1540302}.Debug|Any CPU.ActiveCfg = Debug|Any CPU
		{6CD01EF9-CF8D-498E-B9BE-B7AFD1540302}.Debug|Any CPU.Build.0 = Debug|Any CPU
		{6CD01EF9-CF8D-498E-B9BE-B7AFD1540302}.Release|Any CPU.ActiveCfg = Release|Any CPU
		{6CD01EF9-CF8D-498E-B9BE-B7AFD1540302}.Release|Any CPU.Build.0 = Release|Any CPU
		{099B1D7F-69C2-4C91-AF48-896CF3189493}.Debug|Any CPU.ActiveCfg = Debug|Any CPU
		{099B1D7F-69C2-4C91-AF48-896CF3189493}.Debug|Any CPU.Build.0 = Debug|Any CPU
		{099B1D7F-69C2-4C91-AF48-896CF3189493}.Release|Any CPU.ActiveCfg = Release|Any CPU
		{099B1D7F-69C2-4C91-AF48-896CF3189493}.Release|Any CPU.Build.0 = Release|Any CPU
		{29FB50CD-FA28-4051-9688-9A35EE0E51A9}.Debug|Any CPU.ActiveCfg = Debug|Any CPU
		{29FB50CD-FA28-4051-9688-9A35EE0E51A9}.Debug|Any CPU.Build.0 = Debug|Any CPU
		{29FB50CD-FA28-4051-9688-9A35EE0E51A9}.Release|Any CPU.ActiveCfg = Release|Any CPU
		{29FB50CD-FA28-4051-9688-9A35EE0E51A9}.Release|Any CPU.Build.0 = Release|Any CPU
		{25D71B89-30E9-4192-A553-D4F5157D0963}.Debug|Any CPU.ActiveCfg = Debug|Any CPU
		{25D71B89-30E9-4192-A553-D4F5157D0963}.Debug|Any CPU.Build.0 = Debug|Any CPU
		{25D71B89-30E9-4192-A553-D4F5157D0963}.Release|Any CPU.ActiveCfg = Release|Any CPU
		{25D71B89-30E9-4192-A553-D4F5157D0963}.Release|Any CPU.Build.0 = Release|Any CPU
		{75E2D8F4-111D-456F-A098-0FC34077C2A5}.Debug|Any CPU.ActiveCfg = Debug|Any CPU
		{75E2D8F4-111D-456F-A098-0FC34077C2A5}.Debug|Any CPU.Build.0 = Debug|Any CPU
		{75E2D8F4-111D-456F-A098-0FC34077C2A5}.Release|Any CPU.ActiveCfg = Release|Any CPU
		{75E2D8F4-111D-456F-A098-0FC34077C2A5}.Release|Any CPU.Build.0 = Release|Any CPU
		{6E9836D3-2075-4A50-851C-AC15612BF926}.Debug|Any CPU.ActiveCfg = Debug|Any CPU
		{6E9836D3-2075-4A50-851C-AC15612BF926}.Debug|Any CPU.Build.0 = Debug|Any CPU
		{6E9836D3-2075-4A50-851C-AC15612BF926}.Release|Any CPU.ActiveCfg = Release|Any CPU
		{6E9836D3-2075-4A50-851C-AC15612BF926}.Release|Any CPU.Build.0 = Release|Any CPU
		{7283F5BB-8644-41E1-8530-D58CC6D809EB}.Debug|Any CPU.ActiveCfg = Debug|Any CPU
		{7283F5BB-8644-41E1-8530-D58CC6D809EB}.Debug|Any CPU.Build.0 = Debug|Any CPU
		{7283F5BB-8644-41E1-8530-D58CC6D809EB}.Release|Any CPU.ActiveCfg = Release|Any CPU
		{7283F5BB-8644-41E1-8530-D58CC6D809EB}.Release|Any CPU.Build.0 = Release|Any CPU
	EndGlobalSection
	GlobalSection(SolutionProperties) = preSolution
		HideSolutionNode = FALSE
	EndGlobalSection
EndGlobal
