
Microsoft Visual Studio Solution File, Format Version 12.00
# Visual Studio 14
VisualStudioVersion = 14.0.23107.0
MinimumVisualStudioVersion = 10.0.40219.1
Project("{FAE04EC0-301F-11D3-BF4B-00C04F79EFBC}") = "Playground", "Playground\Playground.csproj", "{B266F8B2-7D9D-4E1F-9148-1211BBB7040A}"
EndProject
Project("{FAE04EC0-301F-11D3-BF4B-00C04F79EFBC}") = "System.CSharp.Expressions", "Library\System.CSharp.Expressions.csproj", "{6CD01EF9-CF8D-498E-B9BE-B7AFD1540302}"
EndProject
Project("{FAE04EC0-301F-11D3-BF4B-00C04F79EFBC}") = "Tests.System.CSharp.Expressions", "Tests\Tests.System.CSharp.Expressions.csproj", "{099B1D7F-69C2-4C91-AF48-896CF3189493}"
EndProject
Project("{2150E333-8FDC-42A3-9474-1A3956D46DE8}") = "Solution Items", "Solution Items", "{2A3D7E32-E1F6-4770-B573-1ED65B5132FA}"
	ProjectSection(SolutionItems) = preProject
		README.md = README.md
	EndProjectSection
EndProject
Project("{FAE04EC0-301F-11D3-BF4B-00C04F79EFBC}") = "System.Linq.Expressions.Debugging", "System.Linq.Expressions.Debugging\System.Linq.Expressions.Debugging.csproj", "{29FB50CD-FA28-4051-9688-9A35EE0E51A9}"
EndProject
Project("{FAE04EC0-301F-11D3-BF4B-00C04F79EFBC}") = "Tests.System.Linq.Expressions.Debugging", "Tests.System.Linq.Expressions.Debugging\Tests.System.Linq.Expressions.Debugging.csproj", "{25D71B89-30E9-4192-A553-D4F5157D0963}"
EndProject
Global
	GlobalSection(SolutionConfigurationPlatforms) = preSolution
		Debug|Any CPU = Debug|Any CPU
		Release|Any CPU = Release|Any CPU
	EndGlobalSection
	GlobalSection(ProjectConfigurationPlatforms) = postSolution
		{B266F8B2-7D9D-4E1F-9148-1211BBB7040A}.Debug|Any CPU.ActiveCfg = Debug|Any CPU
		{B266F8B2-7D9D-4E1F-9148-1211BBB7040A}.Debug|Any CPU.Build.0 = Debug|Any CPU
		{B266F8B2-7D9D-4E1F-9148-1211BBB7040A}.Release|Any CPU.ActiveCfg = Release|Any CPU
		{B266F8B2-7D9D-4E1F-9148-1211BBB7040A}.Release|Any CPU.Build.0 = Release|Any CPU
		{6CD01EF9-CF8D-498E-B9BE-B7AFD1540302}.Debug|Any CPU.ActiveCfg = Debug|Any CPU
		{6CD01EF9-CF8D-498E-B9BE-B7AFD1540302}.Debug|Any CPU.Build.0 = Debug|Any CPU
		{6CD01EF9-CF8D-498E-B9BE-B7AFD1540302}.Release|Any CPU.ActiveCfg = Release|Any CPU
		{6CD01EF9-CF8D-498E-B9BE-B7AFD1540302}.Release|Any CPU.Build.0 = Release|Any CPU
		{099B1D7F-69C2-4C91-AF48-896CF3189493}.Debug|Any CPU.ActiveCfg = Debug|Any CPU
		{099B1D7F-69C2-4C91-AF48-896CF3189493}.Debug|Any CPU.Build.0 = Debug|Any CPU
		{099B1D7F-69C2-4C91-AF48-896CF3189493}.Release|Any CPU.ActiveCfg = Release|Any CPU
		{099B1D7F-69C2-4C91-AF48-896CF3189493}.Release|Any CPU.Build.0 = Release|Any CPU
		{29FB50CD-FA28-4051-9688-9A35EE0E51A9}.Debug|Any CPU.ActiveCfg = Debug|Any CPU
		{29FB50CD-FA28-4051-9688-9A35EE0E51A9}.Debug|Any CPU.Build.0 = Debug|Any CPU
		{29FB50CD-FA28-4051-9688-9A35EE0E51A9}.Release|Any CPU.ActiveCfg = Release|Any CPU
		{29FB50CD-FA28-4051-9688-9A35EE0E51A9}.Release|Any CPU.Build.0 = Release|Any CPU
		{25D71B89-30E9-4192-A553-D4F5157D0963}.Debug|Any CPU.ActiveCfg = Debug|Any CPU
		{25D71B89-30E9-4192-A553-D4F5157D0963}.Debug|Any CPU.Build.0 = Debug|Any CPU
		{25D71B89-30E9-4192-A553-D4F5157D0963}.Release|Any CPU.ActiveCfg = Release|Any CPU
		{25D71B89-30E9-4192-A553-D4F5157D0963}.Release|Any CPU.Build.0 = Release|Any CPU
	EndGlobalSection
	GlobalSection(SolutionProperties) = preSolution
		HideSolutionNode = FALSE
	EndGlobalSection
EndGlobal
